
Microsoft Visual Studio Solution File, Format Version 12.00
# Visual Studio Version 17
VisualStudioVersion = 17.7.34031.279
MinimumVisualStudioVersion = 10.0.40219.1
Project("{FAE04EC0-301F-11D3-BF4B-00C04F79EFBC}") = "Task1", "Task1\Task1.csproj", "{953FDA0B-39C0-44FB-BBA5-BB4E0197B706}"
EndProject
Global
	GlobalSection(SolutionConfigurationPlatforms) = preSolution
		Debug|Any CPU = Debug|Any CPU
		Release|Any CPU = Release|Any CPU
	EndGlobalSection
	GlobalSection(ProjectConfigurationPlatforms) = postSolution
		{953FDA0B-39C0-44FB-BBA5-BB4E0197B706}.Debug|Any CPU.ActiveCfg = Debug|Any CPU
		{953FDA0B-39C0-44FB-BBA5-BB4E0197B706}.Debug|Any CPU.Build.0 = Debug|Any CPU
		{953FDA0B-39C0-44FB-BBA5-BB4E0197B706}.Release|Any CPU.ActiveCfg = Release|Any CPU
		{953FDA0B-39C0-44FB-BBA5-BB4E0197B706}.Release|Any CPU.Build.0 = Release|Any CPU
	EndGlobalSection
	GlobalSection(SolutionProperties) = preSolution
		HideSolutionNode = FALSE
	EndGlobalSection
	GlobalSection(ExtensibilityGlobals) = postSolution
		SolutionGuid = {C035A7CC-7983-4F76-AFF0-86D16E815274}
	EndGlobalSection
EndGlobal
